
Microsoft Visual Studio Solution File, Format Version 12.00
# Visual Studio Version 16
VisualStudioVersion = 16.0.31624.102
MinimumVisualStudioVersion = 10.0.40219.1
Project("{FAE04EC0-301F-11D3-BF4B-00C04F79EFBC}") = "C19QuizForKids", "C19QuizForKids.csproj", "{BAD0DCE5-AFEF-441A-8C7A-1E62E0F630C5}"
EndProject
Global
	GlobalSection(SolutionConfigurationPlatforms) = preSolution
		Debug|Any CPU = Debug|Any CPU
		Release|Any CPU = Release|Any CPU
	EndGlobalSection
	GlobalSection(ProjectConfigurationPlatforms) = postSolution
		{BAD0DCE5-AFEF-441A-8C7A-1E62E0F630C5}.Debug|Any CPU.ActiveCfg = Debug|Any CPU
		{BAD0DCE5-AFEF-441A-8C7A-1E62E0F630C5}.Debug|Any CPU.Build.0 = Debug|Any CPU
		{BAD0DCE5-AFEF-441A-8C7A-1E62E0F630C5}.Release|Any CPU.ActiveCfg = Release|Any CPU
		{BAD0DCE5-AFEF-441A-8C7A-1E62E0F630C5}.Release|Any CPU.Build.0 = Release|Any CPU
	EndGlobalSection
	GlobalSection(SolutionProperties) = preSolution
		HideSolutionNode = FALSE
	EndGlobalSection
	GlobalSection(ExtensibilityGlobals) = postSolution
		SolutionGuid = {239F965E-5F72-4C46-A5CE-1F282B1432E0}
	EndGlobalSection
EndGlobal
